
Microsoft Visual Studio Solution File, Format Version 12.00
# Visual Studio Version 17
VisualStudioVersion = 17.5.33627.172
MinimumVisualStudioVersion = 10.0.40219.1
Project("{FAE04EC0-301F-11D3-BF4B-00C04F79EFBC}") = "OOPBank", "BankMockIT\OOPBank.csproj", "{EBA8E98A-60F0-42CE-9BC1-37CF148A92E0}"
EndProject
Global
	GlobalSection(SolutionConfigurationPlatforms) = preSolution
		Debug|Any CPU = Debug|Any CPU
		Release|Any CPU = Release|Any CPU
	EndGlobalSection
	GlobalSection(ProjectConfigurationPlatforms) = postSolution
		{EBA8E98A-60F0-42CE-9BC1-37CF148A92E0}.Debug|Any CPU.ActiveCfg = Debug|Any CPU
		{EBA8E98A-60F0-42CE-9BC1-37CF148A92E0}.Debug|Any CPU.Build.0 = Debug|Any CPU
		{EBA8E98A-60F0-42CE-9BC1-37CF148A92E0}.Release|Any CPU.ActiveCfg = Release|Any CPU
		{EBA8E98A-60F0-42CE-9BC1-37CF148A92E0}.Release|Any CPU.Build.0 = Release|Any CPU
	EndGlobalSection
	GlobalSection(SolutionProperties) = preSolution
		HideSolutionNode = FALSE
	EndGlobalSection
	GlobalSection(ExtensibilityGlobals) = postSolution
		SolutionGuid = {4CFAF167-C920-4819-A6D0-BD45DE7BF6C3}
	EndGlobalSection
EndGlobal
